
Microsoft Visual Studio Solution File, Format Version 12.00
# Visual Studio Version 17
VisualStudioVersion = 17.4.33213.308
MinimumVisualStudioVersion = 10.0.40219.1
Project("{FAE04EC0-301F-11D3-BF4B-00C04F79EFBC}") = "MCFabricDependencyViewer", "MCFabricDependencyViewer\MCFabricDependencyViewer.csproj", "{F0459C95-DE7D-4B3D-BC03-10B18150248F}"
EndProject
Global
	GlobalSection(SolutionConfigurationPlatforms) = preSolution
		Debug|Any CPU = Debug|Any CPU
		Release|Any CPU = Release|Any CPU
	EndGlobalSection
	GlobalSection(ProjectConfigurationPlatforms) = postSolution
		{F0459C95-DE7D-4B3D-BC03-10B18150248F}.Debug|Any CPU.ActiveCfg = Debug|Any CPU
		{F0459C95-DE7D-4B3D-BC03-10B18150248F}.Debug|Any CPU.Build.0 = Debug|Any CPU
		{F0459C95-DE7D-4B3D-BC03-10B18150248F}.Release|Any CPU.ActiveCfg = Release|Any CPU
		{F0459C95-DE7D-4B3D-BC03-10B18150248F}.Release|Any CPU.Build.0 = Release|Any CPU
	EndGlobalSection
	GlobalSection(SolutionProperties) = preSolution
		HideSolutionNode = FALSE
	EndGlobalSection
	GlobalSection(ExtensibilityGlobals) = postSolution
		SolutionGuid = {126EF78C-4DF2-495A-A876-9A6BFD27179C}
	EndGlobalSection
EndGlobal
